
Microsoft Visual Studio Solution File, Format Version 12.00
# Visual Studio Version 16
VisualStudioVersion = 16.0.30413.136
MinimumVisualStudioVersion = 10.0.40219.1
Project("{FAE04EC0-301F-11D3-BF4B-00C04F79EFBC}") = "Triangulo", "Triangulo\Triangulo.csproj", "{5F47CE5A-F897-4DF6-AEC9-473F470F2367}"
EndProject
Global
	GlobalSection(SolutionConfigurationPlatforms) = preSolution
		Debug|Any CPU = Debug|Any CPU
		Release|Any CPU = Release|Any CPU
	EndGlobalSection
	GlobalSection(ProjectConfigurationPlatforms) = postSolution
		{5F47CE5A-F897-4DF6-AEC9-473F470F2367}.Debug|Any CPU.ActiveCfg = Debug|Any CPU
		{5F47CE5A-F897-4DF6-AEC9-473F470F2367}.Debug|Any CPU.Build.0 = Debug|Any CPU
		{5F47CE5A-F897-4DF6-AEC9-473F470F2367}.Release|Any CPU.ActiveCfg = Release|Any CPU
		{5F47CE5A-F897-4DF6-AEC9-473F470F2367}.Release|Any CPU.Build.0 = Release|Any CPU
	EndGlobalSection
	GlobalSection(SolutionProperties) = preSolution
		HideSolutionNode = FALSE
	EndGlobalSection
	GlobalSection(ExtensibilityGlobals) = postSolution
		SolutionGuid = {0236D160-B011-4FC3-9BD7-5AE6BD67C3DF}
	EndGlobalSection
EndGlobal
